
Microsoft Visual Studio Solution File, Format Version 12.00
# Visual Studio 14
VisualStudioVersion = 14.0.25420.1
MinimumVisualStudioVersion = 10.0.40219.1
Project("{8BC9CEB8-8B4A-11D0-8D11-00A0C91BC942}") = "bin2hex", "bin2hex\bin2hex.vcxproj", "{4B698118-664E-4F37-BDD3-A09F0EE59C00}"
EndProject
Project("{8BC9CEB8-8B4A-11D0-8D11-00A0C91BC942}") = "vpnpass", "vpnpass\vpnpass.vcxproj", "{F000D5E0-2A4F-42B1-95C3-C63FD6B8FE49}"
EndProject
Project("{8BC9CEB8-8B4A-11D0-8D11-00A0C91BC942}") = "uacbypass", "uacbypass\uacbypass.vcxproj", "{FFA55554-6918-4DDF-8D6B-81952FC2E9D3}"
EndProject
Project("{8BC9CEB8-8B4A-11D0-8D11-00A0C91BC942}") = "uachijack", "uachijack\uachijack.vcxproj", "{F5593633-8560-4316-BBF2-8CC8D6080843}"
EndProject
Project("{8BC9CEB8-8B4A-11D0-8D11-00A0C91BC942}") = "lcx", "lcx\lcx.vcxproj", "{A7D0DCBC-741A-4A51-B9B4-574D9CA45F64}"
EndProject
Project("{8BC9CEB8-8B4A-11D0-8D11-00A0C91BC942}") = "rundll32", "rundll32\rundll32.vcxproj", "{4005499D-84AD-4A74-9EF3-FB137EB54633}"
EndProject
Project("{8BC9CEB8-8B4A-11D0-8D11-00A0C91BC942}") = "regsvr32", "regsvr32\regsvr32.vcxproj", "{DEF8432B-7CB9-4973-9B7C-D3500F0735E6}"
EndProject
Project("{8BC9CEB8-8B4A-11D0-8D11-00A0C91BC942}") = "recvfile", "recvfile\recvfile.vcxproj", "{0512D90E-7D7A-4FD6-B05A-3E172C2F24A9}"
EndProject
Project("{8BC9CEB8-8B4A-11D0-8D11-00A0C91BC942}") = "sendfile", "sendfile\sendfile.vcxproj", "{715D2472-A330-4821-BD4C-3A0844D3A547}"
EndProject
Project("{8BC9CEB8-8B4A-11D0-8D11-00A0C91BC942}") = "injectdll", "injectdll\injectdll.vcxproj", "{852EFC89-5C41-4851-B69E-0ACE53DEA651}"
EndProject
Project("{8BC9CEB8-8B4A-11D0-8D11-00A0C91BC942}") = "testdll", "testdll\testdll.vcxproj", "{FC19169C-E033-4490-8EFB-E3E01BD3DFB8}"
EndProject
Project("{8BC9CEB8-8B4A-11D0-8D11-00A0C91BC942}") = "injectrun", "injectrun\injectrun.vcxproj", "{4E98049A-D21B-477E-A801-EE13B47EFCA6}"
EndProject
Project("{8BC9CEB8-8B4A-11D0-8D11-00A0C91BC942}") = "memoryload", "memoryload\memoryload.vcxproj", "{0AB96C0E-B874-4CA3-9D7D-BEE2C85D7711}"
EndProject
Project("{8BC9CEB8-8B4A-11D0-8D11-00A0C91BC942}") = "testexe", "testexe\testexe.vcxproj", "{5410031F-4456-4538-8B90-D2D21C75CE97}"
EndProject
Global
	GlobalSection(SolutionConfigurationPlatforms) = preSolution
		Debug|x64 = Debug|x64
		Debug|x86 = Debug|x86
		Release|x64 = Release|x64
		Release|x86 = Release|x86
	EndGlobalSection
	GlobalSection(ProjectConfigurationPlatforms) = postSolution
		{4B698118-664E-4F37-BDD3-A09F0EE59C00}.Debug|x64.ActiveCfg = Debug|x64
		{4B698118-664E-4F37-BDD3-A09F0EE59C00}.Debug|x64.Build.0 = Debug|x64
		{4B698118-664E-4F37-BDD3-A09F0EE59C00}.Debug|x86.ActiveCfg = Debug|Win32
		{4B698118-664E-4F37-BDD3-A09F0EE59C00}.Debug|x86.Build.0 = Debug|Win32
		{4B698118-664E-4F37-BDD3-A09F0EE59C00}.Release|x64.ActiveCfg = Release|x64
		{4B698118-664E-4F37-BDD3-A09F0EE59C00}.Release|x64.Build.0 = Release|x64
		{4B698118-664E-4F37-BDD3-A09F0EE59C00}.Release|x86.ActiveCfg = Release|Win32
		{4B698118-664E-4F37-BDD3-A09F0EE59C00}.Release|x86.Build.0 = Release|Win32
		{F000D5E0-2A4F-42B1-95C3-C63FD6B8FE49}.Debug|x64.ActiveCfg = Debug|x64
		{F000D5E0-2A4F-42B1-95C3-C63FD6B8FE49}.Debug|x64.Build.0 = Debug|x64
		{F000D5E0-2A4F-42B1-95C3-C63FD6B8FE49}.Debug|x86.ActiveCfg = Debug|Win32
		{F000D5E0-2A4F-42B1-95C3-C63FD6B8FE49}.Debug|x86.Build.0 = Debug|Win32
		{F000D5E0-2A4F-42B1-95C3-C63FD6B8FE49}.Release|x64.ActiveCfg = Release|x64
		{F000D5E0-2A4F-42B1-95C3-C63FD6B8FE49}.Release|x64.Build.0 = Release|x64
		{F000D5E0-2A4F-42B1-95C3-C63FD6B8FE49}.Release|x86.ActiveCfg = Release|Win32
		{F000D5E0-2A4F-42B1-95C3-C63FD6B8FE49}.Release|x86.Build.0 = Release|Win32
		{FFA55554-6918-4DDF-8D6B-81952FC2E9D3}.Debug|x64.ActiveCfg = Debug|x64
		{FFA55554-6918-4DDF-8D6B-81952FC2E9D3}.Debug|x64.Build.0 = Debug|x64
		{FFA55554-6918-4DDF-8D6B-81952FC2E9D3}.Debug|x86.ActiveCfg = Debug|Win32
		{FFA55554-6918-4DDF-8D6B-81952FC2E9D3}.Debug|x86.Build.0 = Debug|Win32
		{FFA55554-6918-4DDF-8D6B-81952FC2E9D3}.Release|x64.ActiveCfg = Release|x64
		{FFA55554-6918-4DDF-8D6B-81952FC2E9D3}.Release|x64.Build.0 = Release|x64
		{FFA55554-6918-4DDF-8D6B-81952FC2E9D3}.Release|x86.ActiveCfg = Release|Win32
		{FFA55554-6918-4DDF-8D6B-81952FC2E9D3}.Release|x86.Build.0 = Release|Win32
		{F5593633-8560-4316-BBF2-8CC8D6080843}.Debug|x64.ActiveCfg = Debug|x64
		{F5593633-8560-4316-BBF2-8CC8D6080843}.Debug|x64.Build.0 = Debug|x64
		{F5593633-8560-4316-BBF2-8CC8D6080843}.Debug|x86.ActiveCfg = Debug|Win32
		{F5593633-8560-4316-BBF2-8CC8D6080843}.Debug|x86.Build.0 = Debug|Win32
		{F5593633-8560-4316-BBF2-8CC8D6080843}.Release|x64.ActiveCfg = Release|x64
		{F5593633-8560-4316-BBF2-8CC8D6080843}.Release|x64.Build.0 = Release|x64
		{F5593633-8560-4316-BBF2-8CC8D6080843}.Release|x86.ActiveCfg = Release|Win32
		{F5593633-8560-4316-BBF2-8CC8D6080843}.Release|x86.Build.0 = Release|Win32
		{A7D0DCBC-741A-4A51-B9B4-574D9CA45F64}.Debug|x64.ActiveCfg = Debug|x64
		{A7D0DCBC-741A-4A51-B9B4-574D9CA45F64}.Debug|x64.Build.0 = Debug|x64
		{A7D0DCBC-741A-4A51-B9B4-574D9CA45F64}.Debug|x86.ActiveCfg = Debug|Win32
		{A7D0DCBC-741A-4A51-B9B4-574D9CA45F64}.Debug|x86.Build.0 = Debug|Win32
		{A7D0DCBC-741A-4A51-B9B4-574D9CA45F64}.Release|x64.ActiveCfg = Release|x64
		{A7D0DCBC-741A-4A51-B9B4-574D9CA45F64}.Release|x64.Build.0 = Release|x64
		{A7D0DCBC-741A-4A51-B9B4-574D9CA45F64}.Release|x86.ActiveCfg = Release|Win32
		{A7D0DCBC-741A-4A51-B9B4-574D9CA45F64}.Release|x86.Build.0 = Release|Win32
		{4005499D-84AD-4A74-9EF3-FB137EB54633}.Debug|x64.ActiveCfg = Debug|x64
		{4005499D-84AD-4A74-9EF3-FB137EB54633}.Debug|x64.Build.0 = Debug|x64
		{4005499D-84AD-4A74-9EF3-FB137EB54633}.Debug|x86.ActiveCfg = Debug|Win32
		{4005499D-84AD-4A74-9EF3-FB137EB54633}.Debug|x86.Build.0 = Debug|Win32
		{4005499D-84AD-4A74-9EF3-FB137EB54633}.Release|x64.ActiveCfg = Release|x64
		{4005499D-84AD-4A74-9EF3-FB137EB54633}.Release|x64.Build.0 = Release|x64
		{4005499D-84AD-4A74-9EF3-FB137EB54633}.Release|x86.ActiveCfg = Release|Win32
		{4005499D-84AD-4A74-9EF3-FB137EB54633}.Release|x86.Build.0 = Release|Win32
		{DEF8432B-7CB9-4973-9B7C-D3500F0735E6}.Debug|x64.ActiveCfg = Debug|x64
		{DEF8432B-7CB9-4973-9B7C-D3500F0735E6}.Debug|x64.Build.0 = Debug|x64
		{DEF8432B-7CB9-4973-9B7C-D3500F0735E6}.Debug|x86.ActiveCfg = Debug|Win32
		{DEF8432B-7CB9-4973-9B7C-D3500F0735E6}.Debug|x86.Build.0 = Debug|Win32
		{DEF8432B-7CB9-4973-9B7C-D3500F0735E6}.Release|x64.ActiveCfg = Release|x64
		{DEF8432B-7CB9-4973-9B7C-D3500F0735E6}.Release|x64.Build.0 = Release|x64
		{DEF8432B-7CB9-4973-9B7C-D3500F0735E6}.Release|x86.ActiveCfg = Release|Win32
		{DEF8432B-7CB9-4973-9B7C-D3500F0735E6}.Release|x86.Build.0 = Release|Win32
		{0512D90E-7D7A-4FD6-B05A-3E172C2F24A9}.Debug|x64.ActiveCfg = Debug|x64
		{0512D90E-7D7A-4FD6-B05A-3E172C2F24A9}.Debug|x64.Build.0 = Debug|x64
		{0512D90E-7D7A-4FD6-B05A-3E172C2F24A9}.Debug|x86.ActiveCfg = Debug|Win32
		{0512D90E-7D7A-4FD6-B05A-3E172C2F24A9}.Debug|x86.Build.0 = Debug|Win32
		{0512D90E-7D7A-4FD6-B05A-3E172C2F24A9}.Release|x64.ActiveCfg = Release|x64
		{0512D90E-7D7A-4FD6-B05A-3E172C2F24A9}.Release|x64.Build.0 = Release|x64
		{0512D90E-7D7A-4FD6-B05A-3E172C2F24A9}.Release|x86.ActiveCfg = Release|Win32
		{0512D90E-7D7A-4FD6-B05A-3E172C2F24A9}.Release|x86.Build.0 = Release|Win32
		{715D2472-A330-4821-BD4C-3A0844D3A547}.Debug|x64.ActiveCfg = Debug|x64
		{715D2472-A330-4821-BD4C-3A0844D3A547}.Debug|x64.Build.0 = Debug|x64
		{715D2472-A330-4821-BD4C-3A0844D3A547}.Debug|x86.ActiveCfg = Debug|Win32
		{715D2472-A330-4821-BD4C-3A0844D3A547}.Debug|x86.Build.0 = Debug|Win32
		{715D2472-A330-4821-BD4C-3A0844D3A547}.Release|x64.ActiveCfg = Release|x64
		{715D2472-A330-4821-BD4C-3A0844D3A547}.Release|x64.Build.0 = Release|x64
		{715D2472-A330-4821-BD4C-3A0844D3A547}.Release|x86.ActiveCfg = Release|Win32
		{715D2472-A330-4821-BD4C-3A0844D3A547}.Release|x86.Build.0 = Release|Win32
		{852EFC89-5C41-4851-B69E-0ACE53DEA651}.Debug|x64.ActiveCfg = Debug|x64
		{852EFC89-5C41-4851-B69E-0ACE53DEA651}.Debug|x64.Build.0 = Debug|x64
		{852EFC89-5C41-4851-B69E-0ACE53DEA651}.Debug|x86.ActiveCfg = Debug|Win32
		{852EFC89-5C41-4851-B69E-0ACE53DEA651}.Debug|x86.Build.0 = Debug|Win32
		{852EFC89-5C41-4851-B69E-0ACE53DEA651}.Release|x64.ActiveCfg = Release|x64
		{852EFC89-5C41-4851-B69E-0ACE53DEA651}.Release|x64.Build.0 = Release|x64
		{852EFC89-5C41-4851-B69E-0ACE53DEA651}.Release|x86.ActiveCfg = Release|Win32
		{852EFC89-5C41-4851-B69E-0ACE53DEA651}.Release|x86.Build.0 = Release|Win32
		{FC19169C-E033-4490-8EFB-E3E01BD3DFB8}.Debug|x64.ActiveCfg = Debug|x64
		{FC19169C-E033-4490-8EFB-E3E01BD3DFB8}.Debug|x64.Build.0 = Debug|x64
		{FC19169C-E033-4490-8EFB-E3E01BD3DFB8}.Debug|x86.ActiveCfg = Debug|Win32
		{FC19169C-E033-4490-8EFB-E3E01BD3DFB8}.Debug|x86.Build.0 = Debug|Win32
		{FC19169C-E033-4490-8EFB-E3E01BD3DFB8}.Release|x64.ActiveCfg = Release|x64
		{FC19169C-E033-4490-8EFB-E3E01BD3DFB8}.Release|x64.Build.0 = Release|x64
		{FC19169C-E033-4490-8EFB-E3E01BD3DFB8}.Release|x86.ActiveCfg = Release|Win32
		{FC19169C-E033-4490-8EFB-E3E01BD3DFB8}.Release|x86.Build.0 = Release|Win32
		{4E98049A-D21B-477E-A801-EE13B47EFCA6}.Debug|x64.ActiveCfg = Debug|x64
		{4E98049A-D21B-477E-A801-EE13B47EFCA6}.Debug|x64.Build.0 = Debug|x64
		{4E98049A-D21B-477E-A801-EE13B47EFCA6}.Debug|x86.ActiveCfg = Debug|Win32
		{4E98049A-D21B-477E-A801-EE13B47EFCA6}.Debug|x86.Build.0 = Debug|Win32
		{4E98049A-D21B-477E-A801-EE13B47EFCA6}.Release|x64.ActiveCfg = Release|x64
		{4E98049A-D21B-477E-A801-EE13B47EFCA6}.Release|x64.Build.0 = Release|x64
		{4E98049A-D21B-477E-A801-EE13B47EFCA6}.Release|x86.ActiveCfg = Release|Win32
		{4E98049A-D21B-477E-A801-EE13B47EFCA6}.Release|x86.Build.0 = Release|Win32
		{0AB96C0E-B874-4CA3-9D7D-BEE2C85D7711}.Debug|x64.ActiveCfg = Debug|x64
		{0AB96C0E-B874-4CA3-9D7D-BEE2C85D7711}.Debug|x64.Build.0 = Debug|x64
		{0AB96C0E-B874-4CA3-9D7D-BEE2C85D7711}.Debug|x86.ActiveCfg = Debug|Win32
		{0AB96C0E-B874-4CA3-9D7D-BEE2C85D7711}.Debug|x86.Build.0 = Debug|Win32
		{0AB96C0E-B874-4CA3-9D7D-BEE2C85D7711}.Release|x64.ActiveCfg = Release|x64
		{0AB96C0E-B874-4CA3-9D7D-BEE2C85D7711}.Release|x64.Build.0 = Release|x64
		{0AB96C0E-B874-4CA3-9D7D-BEE2C85D7711}.Release|x86.ActiveCfg = Release|Win32
		{0AB96C0E-B874-4CA3-9D7D-BEE2C85D7711}.Release|x86.Build.0 = Release|Win32
		{5410031F-4456-4538-8B90-D2D21C75CE97}.Debug|x64.ActiveCfg = Debug|x64
		{5410031F-4456-4538-8B90-D2D21C75CE97}.Debug|x64.Build.0 = Debug|x64
		{5410031F-4456-4538-8B90-D2D21C75CE97}.Debug|x86.ActiveCfg = Debug|Win32
		{5410031F-4456-4538-8B90-D2D21C75CE97}.Debug|x86.Build.0 = Debug|Win32
		{5410031F-4456-4538-8B90-D2D21C75CE97}.Release|x64.ActiveCfg = Release|x64
		{5410031F-4456-4538-8B90-D2D21C75CE97}.Release|x64.Build.0 = Release|x64
		{5410031F-4456-4538-8B90-D2D21C75CE97}.Release|x86.ActiveCfg = Release|Win32
		{5410031F-4456-4538-8B90-D2D21C75CE97}.Release|x86.Build.0 = Release|Win32
	EndGlobalSection
	GlobalSection(SolutionProperties) = preSolution
		HideSolutionNode = FALSE
	EndGlobalSection
EndGlobal
